
Microsoft Visual Studio Solution File, Format Version 12.00
# Visual Studio Version 17
VisualStudioVersion = 17.12.35527.113
MinimumVisualStudioVersion = 10.0.40219.1
Project("{FAE04EC0-301F-11D3-BF4B-00C04F79EFBC}") = "WebHotelRezervation", "WebHotelRezervation\WebHotelRezervation.csproj", "{9F8E5EA8-2232-467D-912D-60AFF74D140F}"
EndProject
Project("{FAE04EC0-301F-11D3-BF4B-00C04F79EFBC}") = "HotelConsoleApp", "HotelConsoleApp\HotelConsoleApp.csproj", "{A2F495F5-55E6-4FD6-B1D2-3A7044DC6A48}"
EndProject
Global
	GlobalSection(SolutionConfigurationPlatforms) = preSolution
		Debug|Any CPU = Debug|Any CPU
		Release|Any CPU = Release|Any CPU
	EndGlobalSection
	GlobalSection(ProjectConfigurationPlatforms) = postSolution
		{9F8E5EA8-2232-467D-912D-60AFF74D140F}.Debug|Any CPU.ActiveCfg = Debug|Any CPU
		{9F8E5EA8-2232-467D-912D-60AFF74D140F}.Debug|Any CPU.Build.0 = Debug|Any CPU
		{9F8E5EA8-2232-467D-912D-60AFF74D140F}.Release|Any CPU.ActiveCfg = Release|Any CPU
		{9F8E5EA8-2232-467D-912D-60AFF74D140F}.Release|Any CPU.Build.0 = Release|Any CPU
		{A2F495F5-55E6-4FD6-B1D2-3A7044DC6A48}.Debug|Any CPU.ActiveCfg = Debug|Any CPU
		{A2F495F5-55E6-4FD6-B1D2-3A7044DC6A48}.Debug|Any CPU.Build.0 = Debug|Any CPU
		{A2F495F5-55E6-4FD6-B1D2-3A7044DC6A48}.Release|Any CPU.ActiveCfg = Release|Any CPU
		{A2F495F5-55E6-4FD6-B1D2-3A7044DC6A48}.Release|Any CPU.Build.0 = Release|Any CPU
	EndGlobalSection
	GlobalSection(SolutionProperties) = preSolution
		HideSolutionNode = FALSE
	EndGlobalSection
EndGlobal
